[root]
name = "webkitten-cocoa"
version = "0.1.0"
dependencies = [
 "cocoa 0.4.1 (registry+https://github.com/rust-lang/crates.io-index)",
 "core-graphics 0.3.0 (registry+https://github.com/rust-lang/crates.io-index)",
 "objc 0.2.1 (registry+https://github.com/rust-lang/crates.io-index)",
 "webkitten 0.1.0",
]

[[package]]
name = "bitflags"
version = "0.7.0"
source = "registry+https://github.com/rust-lang/crates.io-index"

[[package]]
name = "cocoa"
version = "0.4.1"
source = "registry+https://github.com/rust-lang/crates.io-index"
dependencies = [
 "bitflags 0.7.0 (registry+https://github.com/rust-lang/crates.io-index)",
 "core-graphics 0.3.0 (registry+https://github.com/rust-lang/crates.io-index)",
 "libc 0.2.11 (registry+https://github.com/rust-lang/crates.io-index)",
 "objc 0.2.1 (registry+https://github.com/rust-lang/crates.io-index)",
]

[[package]]
name = "core-foundation"
version = "0.2.2"
source = "registry+https://github.com/rust-lang/crates.io-index"
dependencies = [
 "core-foundation-sys 0.2.2 (registry+https://github.com/rust-lang/crates.io-index)",
 "libc 0.2.11 (registry+https://github.com/rust-lang/crates.io-index)",
]

[[package]]
name = "core-foundation-sys"
version = "0.2.2"
source = "registry+https://github.com/rust-lang/crates.io-index"
dependencies = [
 "libc 0.2.11 (registry+https://github.com/rust-lang/crates.io-index)",
]

[[package]]
name = "core-graphics"
version = "0.3.0"
source = "registry+https://github.com/rust-lang/crates.io-index"
dependencies = [
 "core-foundation 0.2.2 (registry+https://github.com/rust-lang/crates.io-index)",
 "libc 0.2.11 (registry+https://github.com/rust-lang/crates.io-index)",
 "serde 0.7.5 (registry+https://github.com/rust-lang/crates.io-index)",
]

[[package]]
name = "gcc"
version = "0.3.28"
source = "registry+https://github.com/rust-lang/crates.io-index"

[[package]]
name = "getopts"
version = "0.2.14"
source = "registry+https://github.com/rust-lang/crates.io-index"

[[package]]
name = "hlua"
version = "0.1.8"
source = "registry+https://github.com/rust-lang/crates.io-index"
dependencies = [
 "libc 0.2.11 (registry+https://github.com/rust-lang/crates.io-index)",
 "lua52-sys 0.0.4 (registry+https://github.com/rust-lang/crates.io-index)",
]

[[package]]
name = "libc"
version = "0.2.11"
source = "registry+https://github.com/rust-lang/crates.io-index"

[[package]]
name = "lua52-sys"
version = "0.0.4"
source = "registry+https://github.com/rust-lang/crates.io-index"
dependencies = [
 "gcc 0.3.28 (registry+https://github.com/rust-lang/crates.io-index)",
 "libc 0.2.11 (registry+https://github.com/rust-lang/crates.io-index)",
 "pkg-config 0.3.8 (registry+https://github.com/rust-lang/crates.io-index)",
]

[[package]]
name = "malloc_buf"
version = "0.0.6"
source = "registry+https://github.com/rust-lang/crates.io-index"
dependencies = [
 "libc 0.2.11 (registry+https://github.com/rust-lang/crates.io-index)",
]

[[package]]
name = "objc"
version = "0.2.1"
source = "registry+https://github.com/rust-lang/crates.io-index"
dependencies = [
 "malloc_buf 0.0.6 (registry+https://github.com/rust-lang/crates.io-index)",
]

[[package]]
name = "pkg-config"
version = "0.3.8"
source = "registry+https://github.com/rust-lang/crates.io-index"

[[package]]
name = "rustc-serialize"
version = "0.3.19"
source = "registry+https://github.com/rust-lang/crates.io-index"

[[package]]
name = "serde"
version = "0.7.5"
source = "registry+https://github.com/rust-lang/crates.io-index"

[[package]]
name = "toml"
version = "0.1.30"
source = "registry+https://github.com/rust-lang/crates.io-index"
dependencies = [
 "rustc-serialize 0.3.19 (registry+https://github.com/rust-lang/crates.io-index)",
]

[[package]]
name = "webkitten"
version = "0.1.0"
dependencies = [
 "getopts 0.2.14 (registry+https://github.com/rust-lang/crates.io-index)",
 "hlua 0.1.8 (registry+https://github.com/rust-lang/crates.io-index)",
 "toml 0.1.30 (registry+https://github.com/rust-lang/crates.io-index)",
]

